{
	"name": "tauri-sql-orm",
	"version": "0.0.1",
	"lockfileVersion": 1,
	"requires": true,
	"dependencies": {
		"@tauri-apps/api": {
			"version": "1.2.0",
			"resolved": "https://registry.npmjs.org/@tauri-apps/api/-/api-1.2.0.tgz",
			"integrity": "sha512-lsI54KI6HGf7VImuf/T9pnoejfgkNoXveP14pVV7XarrQ46rOejIVJLFqHI9sRReJMGdh2YuCoI3cc/yCWCsrw=="
		},
		"tauri-plugin-sql-api": {
			"version": "git+https://github.com/tauri-apps/tauri-plugin-sql.git#62b21ef24303d80e9905f57b2b6d27efc8677c23",
			"from": "git+https://github.com/tauri-apps/tauri-plugin-sql.git",
			"requires": {
				"@tauri-apps/api": "^1.2.0"
			}
		}
	}
}
